
Microsoft Visual Studio Solution File, Format Version 12.00
# Visual Studio Version 17
VisualStudioVersion = 17.5.33414.496
MinimumVisualStudioVersion = 10.0.40219.1
Project("{FAE04EC0-301F-11D3-BF4B-00C04F79EFBC}") = "WpfApp1", "WpfApp1\WpfApp1.csproj", "{B3CCD8C5-27C9-47EE-843F-55D96C3247FC}"
EndProject
Global
	GlobalSection(SolutionConfigurationPlatforms) = preSolution
		Debug|Any CPU = Debug|Any CPU
		Release|Any CPU = Release|Any CPU
	EndGlobalSection
	GlobalSection(ProjectConfigurationPlatforms) = postSolution
		{B3CCD8C5-27C9-47EE-843F-55D96C3247FC}.Debug|Any CPU.ActiveCfg = Debug|Any CPU
		{B3CCD8C5-27C9-47EE-843F-55D96C3247FC}.Debug|Any CPU.Build.0 = Debug|Any CPU
		{B3CCD8C5-27C9-47EE-843F-55D96C3247FC}.Release|Any CPU.ActiveCfg = Release|Any CPU
		{B3CCD8C5-27C9-47EE-843F-55D96C3247FC}.Release|Any CPU.Build.0 = Release|Any CPU
	EndGlobalSection
	GlobalSection(SolutionProperties) = preSolution
		HideSolutionNode = FALSE
	EndGlobalSection
	GlobalSection(ExtensibilityGlobals) = postSolution
		SolutionGuid = {7BDC4AC0-C17E-429B-9569-D29AE765ECB8}
	EndGlobalSection
EndGlobal
